
Microsoft Visual Studio Solution File, Format Version 12.00
# Visual Studio 15
Project("{FAE04EC0-301F-11D3-BF4B-00C04F79EFBC}") = "Unity.XR.Interaction.Toolkit.Samples.StarterAssets", "Unity.XR.Interaction.Toolkit.Samples.StarterAssets.csproj", "{711CEC2A-EDB7-9A9E-4BC0-AD0B6D6C7375}"
EndProject
Project("{FAE04EC0-301F-11D3-BF4B-00C04F79EFBC}") = "Assembly-CSharp", "Assembly-CSharp.csproj", "{7BF47D56-86E0-DEC5-4025-ED4B6F561854}"
EndProject
Project("{FAE04EC0-301F-11D3-BF4B-00C04F79EFBC}") = "Unity.XR.Interaction.Toolkit.Samples.StarterAssets.Editor", "Unity.XR.Interaction.Toolkit.Samples.StarterAssets.Editor.csproj", "{155D61AA-DE57-7567-381C-00BAD7F17C81}"
EndProject
Global
	GlobalSection(SolutionConfigurationPlatforms) = preSolution
		Debug|Any CPU = Debug|Any CPU
		Release|Any CPU = Release|Any CPU
	EndGlobalSection
	GlobalSection(ProjectConfigurationPlatforms) = postSolution
		{711CEC2A-EDB7-9A9E-4BC0-AD0B6D6C7375}.Debug|Any CPU.ActiveCfg = Debug|Any CPU
		{711CEC2A-EDB7-9A9E-4BC0-AD0B6D6C7375}.Debug|Any CPU.Build.0 = Debug|Any CPU
		{711CEC2A-EDB7-9A9E-4BC0-AD0B6D6C7375}.Release|Any CPU.ActiveCfg = Release|Any CPU
		{711CEC2A-EDB7-9A9E-4BC0-AD0B6D6C7375}.Release|Any CPU.Build.0 = Release|Any CPU
		{7BF47D56-86E0-DEC5-4025-ED4B6F561854}.Debug|Any CPU.ActiveCfg = Debug|Any CPU
		{7BF47D56-86E0-DEC5-4025-ED4B6F561854}.Debug|Any CPU.Build.0 = Debug|Any CPU
		{7BF47D56-86E0-DEC5-4025-ED4B6F561854}.Release|Any CPU.ActiveCfg = Release|Any CPU
		{7BF47D56-86E0-DEC5-4025-ED4B6F561854}.Release|Any CPU.Build.0 = Release|Any CPU
		{155D61AA-DE57-7567-381C-00BAD7F17C81}.Debug|Any CPU.ActiveCfg = Debug|Any CPU
		{155D61AA-DE57-7567-381C-00BAD7F17C81}.Debug|Any CPU.Build.0 = Debug|Any CPU
		{155D61AA-DE57-7567-381C-00BAD7F17C81}.Release|Any CPU.ActiveCfg = Release|Any CPU
		{155D61AA-DE57-7567-381C-00BAD7F17C81}.Release|Any CPU.Build.0 = Release|Any CPU
	EndGlobalSection
	GlobalSection(SolutionProperties) = preSolution
		HideSolutionNode = FALSE
	EndGlobalSection
EndGlobal
